// !$*UTF8*$!
{
	archiveVersion = 1;
	classes = {
	};
	objectVersion = 48;
	objects = {

/* Begin PBXBuildFile section */
		6D06DAE6214E86C30000FAD0 /* MovieTableViewCell.swift in Sources */ = {isa = PBXBuildFile; fileRef = 6D06DAE5214E86C30000FAD0 /* MovieTableViewCell.swift */; };
		6D06DAE8214E97070000FAD0 /* MovieDetailsViewController.swift in Sources */ = {isa = PBXBuildFile; fileRef = 6D06DAE7214E97070000FAD0 /* MovieDetailsViewController.swift */; };
		6D06DAEA214EB91C0000FAD0 /* moviesDataConfiguration.swift in Sources */ = {isa = PBXBuildFile; fileRef = 6D06DAE9214EB91C0000FAD0 /* moviesDataConfiguration.swift */; };
		6D0DB88321508796003AA458 /* recFrame.png in Resources */ = {isa = PBXBuildFile; fileRef = 6D0DB88221508796003AA458 /* recFrame.png */; };
		6D7962D6214E71E30029EA19 /* AppDelegate.swift in Sources */ = {isa = PBXBuildFile; fileRef = 6D7962D5214E71E30029EA19 /* AppDelegate.swift */; };
		6D7962D8214E71E30029EA19 /* ViewController.swift in Sources */ = {isa = PBXBuildFile; fileRef = 6D7962D7214E71E30029EA19 /* ViewController.swift */; };
		6D7962DB214E71E30029EA19 /* Main.storyboard in Resources */ = {isa = PBXBuildFile; fileRef = 6D7962D9214E71E30029EA19 /* Main.storyboard */; };
		6D7962DE214E71E30029EA19 /* msApps.xcdatamodeld in Sources */ = {isa = PBXBuildFile; fileRef = 6D7962DC214E71E30029EA19 /* msApps.xcdatamodeld */; };
		6D7962E0214E71E30029EA19 /* Assets.xcassets in Resources */ = {isa = PBXBuildFile; fileRef = 6D7962DF214E71E30029EA19 /* Assets.xcassets */; };
		6D7962E3214E71E30029EA19 /* LaunchScreen.storyboard in Resources */ = {isa = PBXBuildFile; fileRef = 6D7962E1214E71E30029EA19 /* LaunchScreen.storyboard */; };
		6D7962EB214E78DA0029EA19 /* MovieListViewController.swift in Sources */ = {isa = PBXBuildFile; fileRef = 6D7962EA214E78DA0029EA19 /* MovieListViewController.swift */; };
		6DDB76AE214FB30B0007DEFE /* QRScannerViewController.swift in Sources */ = {isa = PBXBuildFile; fileRef = 6DDB76AD214FB30B0007DEFE /* QRScannerViewController.swift */; };
		7E56AF808807FED1C433EDD3 /* Pods_msApps.framework in Frameworks */ = {isa = PBXBuildFile; fileRef = 469E867B61549F29C8465879 /* Pods_msApps.framework */; };
/* End PBXBuildFile section */

/* Begin PBXFileReference section */
		469E867B61549F29C8465879 /* Pods_msApps.framework */ = {isa = PBXFileReference; explicitFileType = wrapper.framework; includeInIndex = 0; path = Pods_msApps.framework; sourceTree = BUILT_PRODUCTS_DIR; };
		6D06DAE5214E86C30000FAD0 /* MovieTableViewCell.swift */ = {isa = PBXFileReference; lastKnownFileType = sourcecode.swift; path = MovieTableViewCell.swift; sourceTree = "<group>"; };
		6D06DAE7214E97070000FAD0 /* MovieDetailsViewController.swift */ = {isa = PBXFileReference; lastKnownFileType = sourcecode.swift; path = MovieDetailsViewController.swift; sourceTree = "<group>"; };
		6D06DAE9214EB91C0000FAD0 /* moviesDataConfiguration.swift */ = {isa = PBXFileReference; lastKnownFileType = sourcecode.swift; path = moviesDataConfiguration.swift; sourceTree = "<group>"; };
		6D0DB88221508796003AA458 /* recFrame.png */ = {isa = PBXFileReference; lastKnownFileType = image.png; path = recFrame.png; sourceTree = "<group>"; };
		6D7962D2214E71E30029EA19 /* msApps.app */ = {isa = PBXFileReference; explicitFileType = wrapper.application; includeInIndex = 0; path = msApps.app; sourceTree = BUILT_PRODUCTS_DIR; };
		6D7962D5214E71E30029EA19 /* AppDelegate.swift */ = {isa = PBXFileReference; lastKnownFileType = sourcecode.swift; path = AppDelegate.swift; sourceTree = "<group>"; };
		6D7962D7214E71E30029EA19 /* ViewController.swift */ = {isa = PBXFileReference; lastKnownFileType = sourcecode.swift; path = ViewController.swift; sourceTree = "<group>"; };
		6D7962DA214E71E30029EA19 /* Base */ = {isa = PBXFileReference; lastKnownFileType = file.storyboard; name = Base; path = Base.lproj/Main.storyboard; sourceTree = "<group>"; };
		6D7962DD214E71E30029EA19 /* msApps.xcdatamodel */ = {isa = PBXFileReference; lastKnownFileType = wrapper.xcdatamodel; path = msApps.xcdatamodel; sourceTree = "<group>"; };
		6D7962DF214E71E30029EA19 /* Assets.xcassets */ = {isa = PBXFileReference; lastKnownFileType = folder.assetcatalog; path = Assets.xcassets; sourceTree = "<group>"; };
		6D7962E2214E71E30029EA19 /* Base */ = {isa = PBXFileReference; lastKnownFileType = file.storyboard; name = Base; path = Base.lproj/LaunchScreen.storyboard; sourceTree = "<group>"; };
		6D7962E4214E71E30029EA19 /* Info.plist */ = {isa = PBXFileReference; lastKnownFileType = text.plist.xml; path = Info.plist; sourceTree = "<group>"; };
		6D7962EA214E78DA0029EA19 /* MovieListViewController.swift */ = {isa = PBXFileReference; lastKnownFileType = sourcecode.swift; path = MovieListViewController.swift; sourceTree = "<group>"; };
		6DDB76AD214FB30B0007DEFE /* QRScannerViewController.swift */ = {isa = PBXFileReference; lastKnownFileType = sourcecode.swift; path = QRScannerViewController.swift; sourceTree = "<group>"; };
		AC88DB4DD430EBDFFE04279D /* Pods-msApps.release.xcconfig */ = {isa = PBXFileReference; includeInIndex = 1; lastKnownFileType = text.xcconfig; name = "Pods-msApps.release.xcconfig"; path = "Pods/Target Support Files/Pods-msApps/Pods-msApps.release.xcconfig"; sourceTree = "<group>"; };
		C85DEC8A125024D4E11713FA /* Pods-msApps.debug.xcconfig */ = {isa = PBXFileReference; includeInIndex = 1; lastKnownFileType = text.xcconfig; name = "Pods-msApps.debug.xcconfig"; path = "Pods/Target Support Files/Pods-msApps/Pods-msApps.debug.xcconfig"; sourceTree = "<group>"; };
/* End PBXFileReference section */

/* Begin PBXFrameworksBuildPhase section */
		6D7962CF214E71E30029EA19 /* Frameworks */ = {
			isa = PBXFrameworksBuildPhase;
			buildActionMask = 2147483647;
			files = (
				7E56AF808807FED1C433EDD3 /* Pods_msApps.framework in Frameworks */,
			);
			runOnlyForDeploymentPostprocessing = 0;
		};
/* End PBXFrameworksBuildPhase section */

/* Begin PBXGroup section */
		542DA18712DFFF2801CCC6FD /* Frameworks */ = {
			isa = PBXGroup;
			children = (
				469E867B61549F29C8465879 /* Pods_msApps.framework */,
			);
			name = Frameworks;
			sourceTree = "<group>";
		};
		6D7962C9214E71E30029EA19 = {
			isa = PBXGroup;
			children = (
				6D7962D4214E71E30029EA19 /* msApps */,
				6D7962D3214E71E30029EA19 /* Products */,
				D832F505F119288757154FD7 /* Pods */,
				542DA18712DFFF2801CCC6FD /* Frameworks */,
			);
			sourceTree = "<group>";
		};
		6D7962D3214E71E30029EA19 /* Products */ = {
			isa = PBXGroup;
			children = (
				6D7962D2214E71E30029EA19 /* msApps.app */,
			);
			name = Products;
			sourceTree = "<group>";
		};
		6D7962D4214E71E30029EA19 /* msApps */ = {
			isa = PBXGroup;
			children = (
				6D0DB88221508796003AA458 /* recFrame.png */,
				6D7962D5214E71E30029EA19 /* AppDelegate.swift */,
				6D7962D7214E71E30029EA19 /* ViewController.swift */,
				6D7962D9214E71E30029EA19 /* Main.storyboard */,
				6D7962DF214E71E30029EA19 /* Assets.xcassets */,
				6D7962E1214E71E30029EA19 /* LaunchScreen.storyboard */,
				6D7962E4214E71E30029EA19 /* Info.plist */,
				6D7962DC214E71E30029EA19 /* msApps.xcdatamodeld */,
				6D7962EA214E78DA0029EA19 /* MovieListViewController.swift */,
				6D06DAE5214E86C30000FAD0 /* MovieTableViewCell.swift */,
				6D06DAE7214E97070000FAD0 /* MovieDetailsViewController.swift */,
				6D06DAE9214EB91C0000FAD0 /* moviesDataConfiguration.swift */,
				6DDB76AD214FB30B0007DEFE /* QRScannerViewController.swift */,
			);
			path = msApps;
			sourceTree = "<group>";
		};
		D832F505F119288757154FD7 /* Pods */ = {
			isa = PBXGroup;
			children = (
				C85DEC8A125024D4E11713FA /* Pods-msApps.debug.xcconfig */,
				AC88DB4DD430EBDFFE04279D /* Pods-msApps.release.xcconfig */,
			);
			name = Pods;
			sourceTree = "<group>";
		};
/* End PBXGroup section */

/* Begin PBXNativeTarget section */
		6D7962D1214E71E30029EA19 /* msApps */ = {
			isa = PBXNativeTarget;
			buildConfigurationList = 6D7962E7214E71E30029EA19 /* Build configuration list for PBXNativeTarget "msApps" */;
			buildPhases = (
				15D728D488001F897B7DEC63 /* [CP] Check Pods Manifest.lock */,
				6D7962CE214E71E30029EA19 /* Sources */,
				6D7962CF214E71E30029EA19 /* Frameworks */,
				6D7962D0214E71E30029EA19 /* Resources */,
				84F5B3F78D13FFA03C24A694 /* [CP] Embed Pods Frameworks */,
			);
			buildRules = (
			);
			dependencies = (
			);
			name = msApps;
			productName = msApps;
			productReference = 6D7962D2214E71E30029EA19 /* msApps.app */;
			productType = "com.apple.product-type.application";
		};
/* End PBXNativeTarget section */

/* Begin PBXProject section */
		6D7962CA214E71E30029EA19 /* Project object */ = {
			isa = PBXProject;
			attributes = {
				LastSwiftUpdateCheck = 0900;
				LastUpgradeCheck = 0900;
				ORGANIZATIONNAME = student.roey.honig;
				TargetAttributes = {
					6D7962D1214E71E30029EA19 = {
						CreatedOnToolsVersion = 9.0.1;
						ProvisioningStyle = Automatic;
					};
				};
			};
			buildConfigurationList = 6D7962CD214E71E30029EA19 /* Build configuration list for PBXProject "msApps" */;
			compatibilityVersion = "Xcode 8.0";
			developmentRegion = en;
			hasScannedForEncodings = 0;
			knownRegions = (
				en,
				Base,
			);
			mainGroup = 6D7962C9214E71E30029EA19;
			productRefGroup = 6D7962D3214E71E30029EA19 /* Products */;
			projectDirPath = "";
			projectRoot = "";
			targets = (
				6D7962D1214E71E30029EA19 /* msApps */,
			);
		};
/* End PBXProject section */

/* Begin PBXResourcesBuildPhase section */
		6D7962D0214E71E30029EA19 /* Resources */ = {
			isa = PBXResourcesBuildPhase;
			buildActionMask = 2147483647;
			files = (
				6D0DB88321508796003AA458 /* recFrame.png in Resources */,
				6D7962E3214E71E30029EA19 /* LaunchScreen.storyboard in Resources */,
				6D7962E0214E71E30029EA19 /* Assets.xcassets in Resources */,
				6D7962DB214E71E30029EA19 /* Main.storyboard in Resources */,
			);
			runOnlyForDeploymentPostprocessing = 0;
		};
/* End PBXResourcesBuildPhase section */

/* Begin PBXShellScriptBuildPhase section */
		15D728D488001F897B7DEC63 /* [CP] Check Pods Manifest.lock */ = {
			isa = PBXShellScriptBuildPhase;
			buildActionMask = 2147483647;
			files = (
			);
			inputPaths = (
				"${PODS_PODFILE_DIR_PATH}/Podfile.lock",
				"${PODS_ROOT}/Manifest.lock",
			);
			name = "[CP] Check Pods Manifest.lock";
			outputPaths = (
				"$(DERIVED_FILE_DIR)/Pods-msApps-checkManifestLockResult.txt",
			);
			runOnlyForDeploymentPostprocessing = 0;
			shellPath = /bin/sh;
			shellScript = "diff \"${PODS_PODFILE_DIR_PATH}/Podfile.lock\" \"${PODS_ROOT}/Manifest.lock\" > /dev/null\nif [ $? != 0 ] ; then\n    # print error to STDERR\n    echo \"error: The sandbox is not in sync with the Podfile.lock. Run 'pod install' or update your CocoaPods installation.\" >&2\n    exit 1\nfi\n# This output is used by Xcode 'outputs' to avoid re-running this script phase.\necho \"SUCCESS\" > \"${SCRIPT_OUTPUT_FILE_0}\"\n";
			showEnvVarsInLog = 0;
		};
		84F5B3F78D13FFA03C24A694 /* [CP] Embed Pods Frameworks */ = {
			isa = PBXShellScriptBuildPhase;
			buildActionMask = 2147483647;
			files = (
			);
			inputPaths = (
				"${SRCROOT}/Pods/Target Support Files/Pods-msApps/Pods-msApps-frameworks.sh",
				"${BUILT_PRODUCTS_DIR}/SDWebImage/SDWebImage.framework",
			);
			name = "[CP] Embed Pods Frameworks";
			outputPaths = (
				"${TARGET_BUILD_DIR}/${FRAMEWORKS_FOLDER_PATH}/SDWebImage.framework",
			);
			runOnlyForDeploymentPostprocessing = 0;
			shellPath = /bin/sh;
			shellScript = "\"${SRCROOT}/Pods/Target Support Files/Pods-msApps/Pods-msApps-frameworks.sh\"\n";
			showEnvVarsInLog = 0;
		};
/* End PBXShellScriptBuildPhase section */

/* Begin PBXSourcesBuildPhase section */
		6D7962CE214E71E30029EA19 /* Sources */ = {
			isa = PBXSourcesBuildPhase;
			buildActionMask = 2147483647;
			files = (
				6D06DAE6214E86C30000FAD0 /* MovieTableViewCell.swift in Sources */,
				6D7962DE214E71E30029EA19 /* msApps.xcdatamodeld in Sources */,
				6D06DAE8214E97070000FAD0 /* MovieDetailsViewController.swift in Sources */,
				6D06DAEA214EB91C0000FAD0 /* moviesDataConfiguration.swift in Sources */,
				6DDB76AE214FB30B0007DEFE /* QRScannerViewController.swift in Sources */,
				6D7962D8214E71E30029EA19 /* ViewController.swift in Sources */,
				6D7962D6214E71E30029EA19 /* AppDelegate.swift in Sources */,
				6D7962EB214E78DA0029EA19 /* MovieListViewController.swift in Sources */,
			);
			runOnlyForDeploymentPostprocessing = 0;
		};
/* End PBXSourcesBuildPhase section */

/* Begin PBXVariantGroup section */
		6D7962D9214E71E30029EA19 /* Main.storyboard */ = {
			isa = PBXVariantGroup;
			children = (
				6D7962DA214E71E30029EA19 /* Base */,
			);
			name = Main.storyboard;
			sourceTree = "<group>";
		};
		6D7962E1214E71E30029EA19 /* LaunchScreen.storyboard */ = {
			isa = PBXVariantGroup;
			children = (
				6D7962E2214E71E30029EA19 /* Base */,
			);
			name = LaunchScreen.storyboard;
			sourceTree = "<group>";
		};
/* End PBXVariantGroup section */

/* Begin XCBuildConfiguration section */
		6D7962E5214E71E30029EA19 /* Debug */ = {
			isa = XCBuildConfiguration;
			buildSettings = {
				ALWAYS_SEARCH_USER_PATHS = NO;
				CLANG_ANALYZER_NONNULL = YES;
				CLANG_ANALYZER_NUMBER_OBJECT_CONVERSION = YES_AGGRESSIVE;
				CLANG_CXX_LANGUAGE_STANDARD = "gnu++14";
				CLANG_CXX_LIBRARY = "libc++";
				CLANG_ENABLE_MODULES = YES;
				CLANG_ENABLE_OBJC_ARC = YES;
				CLANG_WARN_BLOCK_CAPTURE_AUTORELEASING = YES;
				CLANG_WARN_BOOL_CONVERSION = YES;
				CLANG_WARN_COMMA = YES;
				CLANG_WARN_CONSTANT_CONVERSION = YES;
				CLANG_WARN_DIRECT_OBJC_ISA_USAGE = YES_ERROR;
				CLANG_WARN_DOCUMENTATION_COMMENTS = YES;
				CLANG_WARN_EMPTY_BODY = YES;
				CLANG_WARN_ENUM_CONVERSION = YES;
				CLANG_WARN_INFINITE_RECURSION = YES;
				CLANG_WARN_INT_CONVERSION = YES;
				CLANG_WARN_NON_LITERAL_NULL_CONVERSION = YES;
				CLANG_WARN_OBJC_LITERAL_CONVERSION = YES;
				CLANG_WARN_OBJC_ROOT_CLASS = YES_ERROR;
				CLANG_WARN_RANGE_LOOP_ANALYSIS = YES;
				CLANG_WARN_STRICT_PROTOTYPES = YES;
				CLANG_WARN_SUSPICIOUS_MOVE = YES;
				CLANG_WARN_UNGUARDED_AVAILABILITY = YES_AGGRESSIVE;
				CLANG_WARN_UNREACHABLE_CODE = YES;
				CLANG_WARN__DUPLICATE_METHOD_MATCH = YES;
				CODE_SIGN_IDENTITY = "iPhone Developer";
				COPY_PHASE_STRIP = NO;
				DEBUG_INFORMATION_FORMAT = dwarf;
				ENABLE_STRICT_OBJC_MSGSEND = YES;
				ENABLE_TESTABILITY = YES;
				GCC_C_LANGUAGE_STANDARD = gnu11;
				GCC_DYNAMIC_NO_PIC = NO;
				GCC_NO_COMMON_BLOCKS = YES;
				GCC_OPTIMIZATION_LEVEL = 0;
				GCC_PREPROCESSOR_DEFINITIONS = (
					"DEBUG=1",
					"$(inherited)",
				);
				GCC_WARN_64_TO_32_BIT_CONVERSION = YES;
				GCC_WARN_ABOUT_RETURN_TYPE = YES_ERROR;
				GCC_WARN_UNDECLARED_SELECTOR = YES;
				GCC_WARN_UNINITIALIZED_AUTOS = YES_AGGRESSIVE;
				GCC_WARN_UNUSED_FUNCTION = YES;
				GCC_WARN_UNUSED_VARIABLE = YES;
				IPHONEOS_DEPLOYMENT_TARGET = 11.0;
				MTL_ENABLE_DEBUG_INFO = YES;
				ONLY_ACTIVE_ARCH = YES;
				SDKROOT = iphoneos;
				SWIFT_ACTIVE_COMPILATION_CONDITIONS = DEBUG;
				SWIFT_OPTIMIZATION_LEVEL = "-Onone";
			};
			name = Debug;
		};
		6D7962E6214E71E30029EA19 /* Release */ = {
			isa = XCBuildConfiguration;
			buildSettings = {
				ALWAYS_SEARCH_USER_PATHS = NO;
				CLANG_ANALYZER_NONNULL = YES;
				CLANG_ANALYZER_NUMBER_OBJECT_CONVERSION = YES_AGGRESSIVE;
				CLANG_CXX_LANGUAGE_STANDARD = "gnu++14";
				CLANG_CXX_LIBRARY = "libc++";
				CLANG_ENABLE_MODULES = YES;
				CLANG_ENABLE_OBJC_ARC = YES;
				CLANG_WARN_BLOCK_CAPTURE_AUTORELEASING = YES;
				CLANG_WARN_BOOL_CONVERSION = YES;
				CLANG_WARN_COMMA = YES;
				CLANG_WARN_CONSTANT_CONVERSION = YES;
				CLANG_WARN_DIRECT_OBJC_ISA_USAGE = YES_ERROR;
				CLANG_WARN_DOCUMENTATION_COMMENTS = YES;
				CLANG_WARN_EMPTY_BODY = YES;
				CLANG_WARN_ENUM_CONVERSION = YES;
				CLANG_WARN_INFINITE_RECURSION = YES;
				CLANG_WARN_INT_CONVERSION = YES;
				CLANG_WARN_NON_LITERAL_NULL_CONVERSION = YES;
				CLANG_WARN_OBJC_LITERAL_CONVERSION = YES;
				CLANG_WARN_OBJC_ROOT_CLASS = YES_ERROR;
				CLANG_WARN_RANGE_LOOP_ANALYSIS = YES;
				CLANG_WARN_STRICT_PROTOTYPES = YES;
				CLANG_WARN_SUSPICIOUS_MOVE = YES;
				CLANG_WARN_UNGUARDED_AVAILABILITY = YES_AGGRESSIVE;
				CLANG_WARN_UNREACHABLE_CODE = YES;
				CLANG_WARN__DUPLICATE_METHOD_MATCH = YES;
				CODE_SIGN_IDENTITY = "iPhone Developer";
				COPY_PHASE_STRIP = NO;
				DEBUG_INFORMATION_FORMAT = "dwarf-with-dsym";
				ENABLE_NS_ASSERTIONS = NO;
				ENABLE_STRICT_OBJC_MSGSEND = YES;
				GCC_C_LANGUAGE_STANDARD = gnu11;
				GCC_NO_COMMON_BLOCKS = YES;
				GCC_WARN_64_TO_32_BIT_CONVERSION = YES;
				GCC_WARN_ABOUT_RETURN_TYPE = YES_ERROR;
				GCC_WARN_UNDECLARED_SELECTOR = YES;
				GCC_WARN_UNINITIALIZED_AUTOS = YES_AGGRESSIVE;
				GCC_WARN_UNUSED_FUNCTION = YES;
				GCC_WARN_UNUSED_VARIABLE = YES;
				IPHONEOS_DEPLOYMENT_TARGET = 11.0;
				MTL_ENABLE_DEBUG_INFO = NO;
				SDKROOT = iphoneos;
				SWIFT_OPTIMIZATION_LEVEL = "-Owholemodule";
				VALIDATE_PRODUCT = YES;
			};
			name = Release;
		};
		6D7962E8214E71E30029EA19 /* Debug */ = {
			isa = XCBuildConfiguration;
			baseConfigurationReference = C85DEC8A125024D4E11713FA /* Pods-msApps.debug.xcconfig */;
			buildSettings = {
				ASSETCATALOG_COMPILER_APPICON_NAME = AppIcon;
				CODE_SIGN_STYLE = Automatic;
				DEVELOPMENT_TEAM = GA3LC47ZM3;
				INFOPLIST_FILE = msApps/Info.plist;
				IPHONEOS_DEPLOYMENT_TARGET = 10.3;
				LD_RUNPATH_SEARCH_PATHS = "$(inherited) @executable_path/Frameworks";
				PRODUCT_BUNDLE_IDENTIFIER = student.roey.honig.msApps;
				PRODUCT_NAME = "$(TARGET_NAME)";
				SWIFT_VERSION = 4.0;
				TARGETED_DEVICE_FAMILY = "1,2";
			};
			name = Debug;
		};
		6D7962E9214E71E30029EA19 /* Release */ = {
			isa = XCBuildConfiguration;
			baseConfigurationReference = AC88DB4DD430EBDFFE04279D /* Pods-msApps.release.xcconfig */;
			buildSettings = {
				ASSETCATALOG_COMPILER_APPICON_NAME = AppIcon;
				CODE_SIGN_STYLE = Automatic;
				DEVELOPMENT_TEAM = GA3LC47ZM3;
				INFOPLIST_FILE = msApps/Info.plist;
				IPHONEOS_DEPLOYMENT_TARGET = 10.3;
				LD_RUNPATH_SEARCH_PATHS = "$(inherited) @executable_path/Frameworks";
				PRODUCT_BUNDLE_IDENTIFIER = student.roey.honig.msApps;
				PRODUCT_NAME = "$(TARGET_NAME)";
				SWIFT_VERSION = 4.0;
				TARGETED_DEVICE_FAMILY = "1,2";
			};
			name = Release;
		};
/* End XCBuildConfiguration section */

/* Begin XCConfigurationList section */
		6D7962CD214E71E30029EA19 /* Build configuration list for PBXProject "msApps" */ = {
			isa = XCConfigurationList;
			buildConfigurations = (
				6D7962E5214E71E30029EA19 /* Debug */,
				6D7962E6214E71E30029EA19 /* Release */,
			);
			defaultConfigurationIsVisible = 0;
			defaultConfigurationName = Release;
		};
		6D7962E7214E71E30029EA19 /* Build configuration list for PBXNativeTarget "msApps" */ = {
			isa = XCConfigurationList;
			buildConfigurations = (
				6D7962E8214E71E30029EA19 /* Debug */,
				6D7962E9214E71E30029EA19 /* Release */,
			);
			defaultConfigurationIsVisible = 0;
			defaultConfigurationName = Release;
		};
/* End XCConfigurationList section */

/* Begin XCVersionGroup section */
		6D7962DC214E71E30029EA19 /* msApps.xcdatamodeld */ = {
			isa = XCVersionGroup;
			children = (
				6D7962DD214E71E30029EA19 /* msApps.xcdatamodel */,
			);
			currentVersion = 6D7962DD214E71E30029EA19 /* msApps.xcdatamodel */;
			path = msApps.xcdatamodeld;
			sourceTree = "<group>";
			versionGroupType = wrapper.xcdatamodel;
		};
/* End XCVersionGroup section */
	};
	rootObject = 6D7962CA214E71E30029EA19 /* Project object */;
}
